# THIS IS AN AUTOGENERATED FILE. DO NOT EDIT THIS FILE DIRECTLY.
# yarn lockfile v1


purecss-sass@^0.6.2:
  version "0.6.2"
  resolved "https://registry.yarnpkg.com/purecss-sass/-/purecss-sass-0.6.2.tgz#ac0ad2dc9ec781cd83cfeb086f1dcf7071200db1"

purecss@^0.6.2:
  version "0.6.2"
  resolved "https://registry.yarnpkg.com/purecss/-/purecss-0.6.2.tgz#f0827d227e909543c5138f36d56c8c613f476b8c"
